// !$*UTF8*$!
{
	archiveVersion = 1;
	classes = {
	};
	objectVersion = 51;
	objects = {

/* Begin PBXBuildFile section */
		4141F00ED168C95AC9914499 /* Pods_Sample.framework in Frameworks */ = {isa = PBXBuildFile; fileRef = 07C0A47298D9CC5BF1C5B0C7 /* Pods_Sample.framework */; };
		D408A80A25F60BC400EC615D /* NewsFeedViewController.swift in Sources */ = {isa = PBXBuildFile; fileRef = D408A80925F60BC400EC615D /* NewsFeedViewController.swift */; };
		D408A81025F60DAD00EC615D /* NewsFeedConnector.swift in Sources */ = {isa = PBXBuildFile; fileRef = D408A80F25F60DAD00EC615D /* NewsFeedConnector.swift */; };
		D408A81425F60EDE00EC615D /* News.swift in Sources */ = {isa = PBXBuildFile; fileRef = D408A81325F60EDE00EC615D /* News.swift */; };
		D408A81825F610D100EC615D /* String.swift in Sources */ = {isa = PBXBuildFile; fileRef = D408A81725F610D100EC615D /* String.swift */; };
		D4CF3A5125F608B500C75FD2 /* AppDelegate.swift in Sources */ = {isa = PBXBuildFile; fileRef = D4CF3A5025F608B500C75FD2 /* AppDelegate.swift */; };
		D4CF3A5325F608B500C75FD2 /* SceneDelegate.swift in Sources */ = {isa = PBXBuildFile; fileRef = D4CF3A5225F608B500C75FD2 /* SceneDelegate.swift */; };
		D4CF3A5825F608B500C75FD2 /* Main.storyboard in Resources */ = {isa = PBXBuildFile; fileRef = D4CF3A5625F608B500C75FD2 /* Main.storyboard */; };
		D4CF3A5A25F608B900C75FD2 /* Assets.xcassets in Resources */ = {isa = PBXBuildFile; fileRef = D4CF3A5925F608B900C75FD2 /* Assets.xcassets */; };
		D4CF3A5D25F608B900C75FD2 /* LaunchScreen.storyboard in Resources */ = {isa = PBXBuildFile; fileRef = D4CF3A5B25F608B900C75FD2 /* LaunchScreen.storyboard */; };
/* End PBXBuildFile section */

/* Begin PBXFileReference section */
		07C0A47298D9CC5BF1C5B0C7 /* Pods_Sample.framework */ = {isa = PBXFileReference; explicitFileType = wrapper.framework; includeInIndex = 0; path = Pods_Sample.framework; sourceTree = BUILT_PRODUCTS_DIR; };
		2D260CDE826CE38BD7B08275 /* Pods-Sample.debug.xcconfig */ = {isa = PBXFileReference; includeInIndex = 1; lastKnownFileType = text.xcconfig; name = "Pods-Sample.debug.xcconfig"; path = "Target Support Files/Pods-Sample/Pods-Sample.debug.xcconfig"; sourceTree = "<group>"; };
		7855197104D03F1E34791525 /* Pods-Sample.release.xcconfig */ = {isa = PBXFileReference; includeInIndex = 1; lastKnownFileType = text.xcconfig; name = "Pods-Sample.release.xcconfig"; path = "Target Support Files/Pods-Sample/Pods-Sample.release.xcconfig"; sourceTree = "<group>"; };
		D408A80925F60BC400EC615D /* NewsFeedViewController.swift */ = {isa = PBXFileReference; lastKnownFileType = sourcecode.swift; path = NewsFeedViewController.swift; sourceTree = "<group>"; };
		D408A80F25F60DAD00EC615D /* NewsFeedConnector.swift */ = {isa = PBXFileReference; lastKnownFileType = sourcecode.swift; path = NewsFeedConnector.swift; sourceTree = "<group>"; };
		D408A81325F60EDE00EC615D /* News.swift */ = {isa = PBXFileReference; lastKnownFileType = sourcecode.swift; path = News.swift; sourceTree = "<group>"; };
		D408A81725F610D100EC615D /* String.swift */ = {isa = PBXFileReference; lastKnownFileType = sourcecode.swift; path = String.swift; sourceTree = "<group>"; };
		D4CF3A4D25F608B500C75FD2 /* Sample.app */ = {isa = PBXFileReference; explicitFileType = wrapper.application; includeInIndex = 0; path = Sample.app; sourceTree = BUILT_PRODUCTS_DIR; };
		D4CF3A5025F608B500C75FD2 /* AppDelegate.swift */ = {isa = PBXFileReference; lastKnownFileType = sourcecode.swift; path = AppDelegate.swift; sourceTree = "<group>"; };
		D4CF3A5225F608B500C75FD2 /* SceneDelegate.swift */ = {isa = PBXFileReference; lastKnownFileType = sourcecode.swift; path = SceneDelegate.swift; sourceTree = "<group>"; };
		D4CF3A5725F608B500C75FD2 /* Base */ = {isa = PBXFileReference; lastKnownFileType = file.storyboard; name = Base; path = Base.lproj/Main.storyboard; sourceTree = "<group>"; };
		D4CF3A5925F608B900C75FD2 /* Assets.xcassets */ = {isa = PBXFileReference; lastKnownFileType = folder.assetcatalog; path = Assets.xcassets; sourceTree = "<group>"; };
		D4CF3A5C25F608B900C75FD2 /* Base */ = {isa = PBXFileReference; lastKnownFileType = file.storyboard; name = Base; path = Base.lproj/LaunchScreen.storyboard; sourceTree = "<group>"; };
		D4CF3A5E25F608B900C75FD2 /* Info.plist */ = {isa = PBXFileReference; lastKnownFileType = text.plist.xml; path = Info.plist; sourceTree = "<group>"; };
/* End PBXFileReference section */

/* Begin PBXFrameworksBuildPhase section */
		D4CF3A4A25F608B500C75FD2 /* Frameworks */ = {
			isa = PBXFrameworksBuildPhase;
			buildActionMask = 2147483647;
			files = (
				4141F00ED168C95AC9914499 /* Pods_Sample.framework in Frameworks */,
			);
			runOnlyForDeploymentPostprocessing = 0;
		};
/* End PBXFrameworksBuildPhase section */

/* Begin PBXGroup section */
		203F719CEDEF781F35328ADE /* Pods */ = {
			isa = PBXGroup;
			children = (
				2D260CDE826CE38BD7B08275 /* Pods-Sample.debug.xcconfig */,
				7855197104D03F1E34791525 /* Pods-Sample.release.xcconfig */,
			);
			path = Pods;
			sourceTree = "<group>";
		};
		5FF45260862B1DEE3F4F61A0 /* Frameworks */ = {
			isa = PBXGroup;
			children = (
				07C0A47298D9CC5BF1C5B0C7 /* Pods_Sample.framework */,
			);
			name = Frameworks;
			sourceTree = "<group>";
		};
		D408A80C25F60BC900EC615D /* ViewControllers */ = {
			isa = PBXGroup;
			children = (
				D408A80925F60BC400EC615D /* NewsFeedViewController.swift */,
			);
			path = ViewControllers;
			sourceTree = "<group>";
		};
		D408A81225F60EB500EC615D /* Models */ = {
			isa = PBXGroup;
			children = (
				D408A81325F60EDE00EC615D /* News.swift */,
			);
			path = Models;
			sourceTree = "<group>";
		};
		D408A81625F6107B00EC615D /* Extensions */ = {
			isa = PBXGroup;
			children = (
				D408A81725F610D100EC615D /* String.swift */,
			);
			path = Extensions;
			sourceTree = "<group>";
		};
		D4CF3A4425F608B500C75FD2 = {
			isa = PBXGroup;
			children = (
				D4CF3A4F25F608B500C75FD2 /* Sample */,
				D4CF3A4E25F608B500C75FD2 /* Products */,
				203F719CEDEF781F35328ADE /* Pods */,
				5FF45260862B1DEE3F4F61A0 /* Frameworks */,
			);
			sourceTree = "<group>";
		};
		D4CF3A4E25F608B500C75FD2 /* Products */ = {
			isa = PBXGroup;
			children = (
				D4CF3A4D25F608B500C75FD2 /* Sample.app */,
			);
			name = Products;
			sourceTree = "<group>";
		};
		D4CF3A4F25F608B500C75FD2 /* Sample */ = {
			isa = PBXGroup;
			children = (
				D408A81625F6107B00EC615D /* Extensions */,
				D408A81225F60EB500EC615D /* Models */,
				D408A80C25F60BC900EC615D /* ViewControllers */,
				D4CF3A5025F608B500C75FD2 /* AppDelegate.swift */,
				D4CF3A5225F608B500C75FD2 /* SceneDelegate.swift */,
				D4CF3A5625F608B500C75FD2 /* Main.storyboard */,
				D4CF3A5925F608B900C75FD2 /* Assets.xcassets */,
				D4CF3A5B25F608B900C75FD2 /* LaunchScreen.storyboard */,
				D4CF3A5E25F608B900C75FD2 /* Info.plist */,
				D408A80F25F60DAD00EC615D /* NewsFeedConnector.swift */,
			);
			path = Sample;
			sourceTree = "<group>";
		};
/* End PBXGroup section */

/* Begin PBXNativeTarget section */
		D4CF3A4C25F608B500C75FD2 /* Sample */ = {
			isa = PBXNativeTarget;
			buildConfigurationList = D4CF3A6125F608B900C75FD2 /* Build configuration list for PBXNativeTarget "Sample" */;
			buildPhases = (
				B5933F9C2D831603BF0C281E /* [CP] Check Pods Manifest.lock */,
				D4CF3A4925F608B500C75FD2 /* Sources */,
				D4CF3A4A25F608B500C75FD2 /* Frameworks */,
				D4CF3A4B25F608B500C75FD2 /* Resources */,
				38EAD4A06DEB400C72D6D68B /* [CP] Embed Pods Frameworks */,
			);
			buildRules = (
			);
			dependencies = (
			);
			name = Sample;
			productName = Sample;
			productReference = D4CF3A4D25F608B500C75FD2 /* Sample.app */;
			productType = "com.apple.product-type.application";
		};
/* End PBXNativeTarget section */

/* Begin PBXProject section */
		D4CF3A4525F608B500C75FD2 /* Project object */ = {
			isa = PBXProject;
			attributes = {
				LastSwiftUpdateCheck = 1240;
				LastUpgradeCheck = 1240;
				TargetAttributes = {
					D4CF3A4C25F608B500C75FD2 = {
						CreatedOnToolsVersion = 12.4;
					};
				};
			};
			buildConfigurationList = D4CF3A4825F608B500C75FD2 /* Build configuration list for PBXProject "Sample" */;
			compatibilityVersion = "Xcode 9.3";
			developmentRegion = en;
			hasScannedForEncodings = 0;
			knownRegions = (
				en,
				Base,
			);
			mainGroup = D4CF3A4425F608B500C75FD2;
			productRefGroup = D4CF3A4E25F608B500C75FD2 /* Products */;
			projectDirPath = "";
			projectRoot = "";
			targets = (
				D4CF3A4C25F608B500C75FD2 /* Sample */,
			);
		};
/* End PBXProject section */

/* Begin PBXResourcesBuildPhase section */
		D4CF3A4B25F608B500C75FD2 /* Resources */ = {
			isa = PBXResourcesBuildPhase;
			buildActionMask = 2147483647;
			files = (
				D4CF3A5D25F608B900C75FD2 /* LaunchScreen.storyboard in Resources */,
				D4CF3A5A25F608B900C75FD2 /* Assets.xcassets in Resources */,
				D4CF3A5825F608B500C75FD2 /* Main.storyboard in Resources */,
			);
			runOnlyForDeploymentPostprocessing = 0;
		};
/* End PBXResourcesBuildPhase section */

/* Begin PBXShellScriptBuildPhase section */
		38EAD4A06DEB400C72D6D68B /* [CP] Embed Pods Frameworks */ = {
			isa = PBXShellScriptBuildPhase;
			buildActionMask = 2147483647;
			files = (
			);
			inputFileListPaths = (
				"${PODS_ROOT}/Target Support Files/Pods-Sample/Pods-Sample-frameworks-${CONFIGURATION}-input-files.xcfilelist",
			);
			name = "[CP] Embed Pods Frameworks";
			outputFileListPaths = (
				"${PODS_ROOT}/Target Support Files/Pods-Sample/Pods-Sample-frameworks-${CONFIGURATION}-output-files.xcfilelist",
			);
			runOnlyForDeploymentPostprocessing = 0;
			shellPath = /bin/sh;
			shellScript = "\"${PODS_ROOT}/Target Support Files/Pods-Sample/Pods-Sample-frameworks.sh\"\n";
			showEnvVarsInLog = 0;
		};
		B5933F9C2D831603BF0C281E /* [CP] Check Pods Manifest.lock */ = {
			isa = PBXShellScriptBuildPhase;
			buildActionMask = 2147483647;
			files = (
			);
			inputFileListPaths = (
			);
			inputPaths = (
				"${PODS_PODFILE_DIR_PATH}/Podfile.lock",
				"${PODS_ROOT}/Manifest.lock",
			);
			name = "[CP] Check Pods Manifest.lock";
			outputFileListPaths = (
			);
			outputPaths = (
				"$(DERIVED_FILE_DIR)/Pods-Sample-checkManifestLockResult.txt",
			);
			runOnlyForDeploymentPostprocessing = 0;
			shellPath = /bin/sh;
			shellScript = "diff \"${PODS_PODFILE_DIR_PATH}/Podfile.lock\" \"${PODS_ROOT}/Manifest.lock\" > /dev/null\nif [ $? != 0 ] ; then\n    # print error to STDERR\n    echo \"error: The sandbox is not in sync with the Podfile.lock. Run 'pod install' or update your CocoaPods installation.\" >&2\n    exit 1\nfi\n# This output is used by Xcode 'outputs' to avoid re-running this script phase.\necho \"SUCCESS\" > \"${SCRIPT_OUTPUT_FILE_0}\"\n";
			showEnvVarsInLog = 0;
		};
/* End PBXShellScriptBuildPhase section */

/* Begin PBXSourcesBuildPhase section */
		D4CF3A4925F608B500C75FD2 /* Sources */ = {
			isa = PBXSourcesBuildPhase;
			buildActionMask = 2147483647;
			files = (
				D408A81825F610D100EC615D /* String.swift in Sources */,
				D4CF3A5125F608B500C75FD2 /* AppDelegate.swift in Sources */,
				D4CF3A5325F608B500C75FD2 /* SceneDelegate.swift in Sources */,
				D408A81025F60DAD00EC615D /* NewsFeedConnector.swift in Sources */,
				D408A81425F60EDE00EC615D /* News.swift in Sources */,
				D408A80A25F60BC400EC615D /* NewsFeedViewController.swift in Sources */,
			);
			runOnlyForDeploymentPostprocessing = 0;
		};
/* End PBXSourcesBuildPhase section */

/* Begin PBXVariantGroup section */
		D4CF3A5625F608B500C75FD2 /* Main.storyboard */ = {
			isa = PBXVariantGroup;
			children = (
				D4CF3A5725F608B500C75FD2 /* Base */,
			);
			name = Main.storyboard;
			sourceTree = "<group>";
		};
		D4CF3A5B25F608B900C75FD2 /* LaunchScreen.storyboard */ = {
			isa = PBXVariantGroup;
			children = (
				D4CF3A5C25F608B900C75FD2 /* Base */,
			);
			name = LaunchScreen.storyboard;
			sourceTree = "<group>";
		};
/* End PBXVariantGroup section */

/* Begin XCBuildConfiguration section */
		D4CF3A5F25F608B900C75FD2 /* Debug */ = {
			isa = XCBuildConfiguration;
			buildSettings = {
				ALWAYS_SEARCH_USER_PATHS = NO;
				CLANG_ANALYZER_NONNULL = YES;
				CLANG_ANALYZER_NUMBER_OBJECT_CONVERSION = YES_AGGRESSIVE;
				CLANG_CXX_LANGUAGE_STANDARD = "gnu++14";
				CLANG_CXX_LIBRARY = "libc++";
				CLANG_ENABLE_MODULES = YES;
				CLANG_ENABLE_OBJC_ARC = YES;
				CLANG_ENABLE_OBJC_WEAK = YES;
				CLANG_WARN_BLOCK_CAPTURE_AUTORELEASING = YES;
				CLANG_WARN_BOOL_CONVERSION = YES;
				CLANG_WARN_COMMA = YES;
				CLANG_WARN_CONSTANT_CONVERSION = YES;
				CLANG_WARN_DEPRECATED_OBJC_IMPLEMENTATIONS = YES;
				CLANG_WARN_DIRECT_OBJC_ISA_USAGE = YES_ERROR;
				CLANG_WARN_DOCUMENTATION_COMMENTS = YES;
				CLANG_WARN_EMPTY_BODY = YES;
				CLANG_WARN_ENUM_CONVERSION = YES;
				CLANG_WARN_INFINITE_RECURSION = YES;
				CLANG_WARN_INT_CONVERSION = YES;
				CLANG_WARN_NON_LITERAL_NULL_CONVERSION = YES;
				CLANG_WARN_OBJC_IMPLICIT_RETAIN_SELF = YES;
				CLANG_WARN_OBJC_LITERAL_CONVERSION = YES;
				CLANG_WARN_OBJC_ROOT_CLASS = YES_ERROR;
				CLANG_WARN_QUOTED_INCLUDE_IN_FRAMEWORK_HEADER = YES;
				CLANG_WARN_RANGE_LOOP_ANALYSIS = YES;
				CLANG_WARN_STRICT_PROTOTYPES = YES;
				CLANG_WARN_SUSPICIOUS_MOVE = YES;
				CLANG_WARN_UNGUARDED_AVAILABILITY = YES_AGGRESSIVE;
				CLANG_WARN_UNREACHABLE_CODE = YES;
				CLANG_WARN__DUPLICATE_METHOD_MATCH = YES;
				COPY_PHASE_STRIP = NO;
				DEBUG_INFORMATION_FORMAT = dwarf;
				ENABLE_STRICT_OBJC_MSGSEND = YES;
				ENABLE_TESTABILITY = YES;
				GCC_C_LANGUAGE_STANDARD = gnu11;
				GCC_DYNAMIC_NO_PIC = NO;
				GCC_NO_COMMON_BLOCKS = YES;
				GCC_OPTIMIZATION_LEVEL = 0;
				GCC_PREPROCESSOR_DEFINITIONS = (
					"DEBUG=1",
					"$(inherited)",
				);
				GCC_WARN_64_TO_32_BIT_CONVERSION = YES;
				GCC_WARN_ABOUT_RETURN_TYPE = YES_ERROR;
				GCC_WARN_UNDECLARED_SELECTOR = YES;
				GCC_WARN_UNINITIALIZED_AUTOS = YES_AGGRESSIVE;
				GCC_WARN_UNUSED_FUNCTION = YES;
				GCC_WARN_UNUSED_VARIABLE = YES;
				IPHONEOS_DEPLOYMENT_TARGET = 14.4;
				MTL_ENABLE_DEBUG_INFO = INCLUDE_SOURCE;
				MTL_FAST_MATH = YES;
				ONLY_ACTIVE_ARCH = YES;
				SDKROOT = iphoneos;
				SWIFT_ACTIVE_COMPILATION_CONDITIONS = DEBUG;
				SWIFT_OPTIMIZATION_LEVEL = "-Onone";
			};
			name = Debug;
		};
		D4CF3A6025F608B900C75FD2 /* Release */ = {
			isa = XCBuildConfiguration;
			buildSettings = {
				ALWAYS_SEARCH_USER_PATHS = NO;
				CLANG_ANALYZER_NONNULL = YES;
				CLANG_ANALYZER_NUMBER_OBJECT_CONVERSION = YES_AGGRESSIVE;
				CLANG_CXX_LANGUAGE_STANDARD = "gnu++14";
				CLANG_CXX_LIBRARY = "libc++";
				CLANG_ENABLE_MODULES = YES;
				CLANG_ENABLE_OBJC_ARC = YES;
				CLANG_ENABLE_OBJC_WEAK = YES;
				CLANG_WARN_BLOCK_CAPTURE_AUTORELEASING = YES;
				CLANG_WARN_BOOL_CONVERSION = YES;
				CLANG_WARN_COMMA = YES;
				CLANG_WARN_CONSTANT_CONVERSION = YES;
				CLANG_WARN_DEPRECATED_OBJC_IMPLEMENTATIONS = YES;
				CLANG_WARN_DIRECT_OBJC_ISA_USAGE = YES_ERROR;
				CLANG_WARN_DOCUMENTATION_COMMENTS = YES;
				CLANG_WARN_EMPTY_BODY = YES;
				CLANG_WARN_ENUM_CONVERSION = YES;
				CLANG_WARN_INFINITE_RECURSION = YES;
				CLANG_WARN_INT_CONVERSION = YES;
				CLANG_WARN_NON_LITERAL_NULL_CONVERSION = YES;
				CLANG_WARN_OBJC_IMPLICIT_RETAIN_SELF = YES;
				CLANG_WARN_OBJC_LITERAL_CONVERSION = YES;
				CLANG_WARN_OBJC_ROOT_CLASS = YES_ERROR;
				CLANG_WARN_QUOTED_INCLUDE_IN_FRAMEWORK_HEADER = YES;
				CLANG_WARN_RANGE_LOOP_ANALYSIS = YES;
				CLANG_WARN_STRICT_PROTOTYPES = YES;
				CLANG_WARN_SUSPICIOUS_MOVE = YES;
				CLANG_WARN_UNGUARDED_AVAILABILITY = YES_AGGRESSIVE;
				CLANG_WARN_UNREACHABLE_CODE = YES;
				CLANG_WARN__DUPLICATE_METHOD_MATCH = YES;
				COPY_PHASE_STRIP = NO;
				DEBUG_INFORMATION_FORMAT = "dwarf-with-dsym";
				ENABLE_NS_ASSERTIONS = NO;
				ENABLE_STRICT_OBJC_MSGSEND = YES;
				GCC_C_LANGUAGE_STANDARD = gnu11;
				GCC_NO_COMMON_BLOCKS = YES;
				GCC_WARN_64_TO_32_BIT_CONVERSION = YES;
				GCC_WARN_ABOUT_RETURN_TYPE = YES_ERROR;
				GCC_WARN_UNDECLARED_SELECTOR = YES;
				GCC_WARN_UNINITIALIZED_AUTOS = YES_AGGRESSIVE;
				GCC_WARN_UNUSED_FUNCTION = YES;
				GCC_WARN_UNUSED_VARIABLE = YES;
				IPHONEOS_DEPLOYMENT_TARGET = 14.4;
				MTL_ENABLE_DEBUG_INFO = NO;
				MTL_FAST_MATH = YES;
				SDKROOT = iphoneos;
				SWIFT_COMPILATION_MODE = wholemodule;
				SWIFT_OPTIMIZATION_LEVEL = "-O";
				VALIDATE_PRODUCT = YES;
			};
			name = Release;
		};
		D4CF3A6225F608B900C75FD2 /* Debug */ = {
			isa = XCBuildConfiguration;
			baseConfigurationReference = 2D260CDE826CE38BD7B08275 /* Pods-Sample.debug.xcconfig */;
			buildSettings = {
				ASSETCATALOG_COMPILER_APPICON_NAME = AppIcon;
				ASSETCATALOG_COMPILER_GLOBAL_ACCENT_COLOR_NAME = AccentColor;
				CODE_SIGN_STYLE = Automatic;
				DEVELOPMENT_TEAM = "";
				INFOPLIST_FILE = Sample/Info.plist;
				LD_RUNPATH_SEARCH_PATHS = (
					"$(inherited)",
					"@executable_path/Frameworks",
				);
				PRODUCT_BUNDLE_IDENTIFIER = com.user2o.Sample;
				PRODUCT_NAME = "$(TARGET_NAME)";
				SWIFT_VERSION = 5.0;
				TARGETED_DEVICE_FAMILY = "1,2";
			};
			name = Debug;
		};
		D4CF3A6325F608B900C75FD2 /* Release */ = {
			isa = XCBuildConfiguration;
			baseConfigurationReference = 7855197104D03F1E34791525 /* Pods-Sample.release.xcconfig */;
			buildSettings = {
				ASSETCATALOG_COMPILER_APPICON_NAME = AppIcon;
				ASSETCATALOG_COMPILER_GLOBAL_ACCENT_COLOR_NAME = AccentColor;
				CODE_SIGN_STYLE = Automatic;
				DEVELOPMENT_TEAM = "";
				INFOPLIST_FILE = Sample/Info.plist;
				LD_RUNPATH_SEARCH_PATHS = (
					"$(inherited)",
					"@executable_path/Frameworks",
				);
				PRODUCT_BUNDLE_IDENTIFIER = com.user2o.Sample;
				PRODUCT_NAME = "$(TARGET_NAME)";
				SWIFT_VERSION = 5.0;
				TARGETED_DEVICE_FAMILY = "1,2";
			};
			name = Release;
		};
/* End XCBuildConfiguration section */

/* Begin XCConfigurationList section */
		D4CF3A4825F608B500C75FD2 /* Build configuration list for PBXProject "Sample" */ = {
			isa = XCConfigurationList;
			buildConfigurations = (
				D4CF3A5F25F608B900C75FD2 /* Debug */,
				D4CF3A6025F608B900C75FD2 /* Release */,
			);
			defaultConfigurationIsVisible = 0;
			defaultConfigurationName = Release;
		};
		D4CF3A6125F608B900C75FD2 /* Build configuration list for PBXNativeTarget "Sample" */ = {
			isa = XCConfigurationList;
			buildConfigurations = (
				D4CF3A6225F608B900C75FD2 /* Debug */,
				D4CF3A6325F608B900C75FD2 /* Release */,
			);
			defaultConfigurationIsVisible = 0;
			defaultConfigurationName = Release;
		};
/* End XCConfigurationList section */
	};
	rootObject = D4CF3A4525F608B500C75FD2 /* Project object */;
}
